
Microsoft Visual Studio Solution File, Format Version 12.00
# Visual Studio Version 17
VisualStudioVersion = 17.2.32630.192
MinimumVisualStudioVersion = 10.0.40219.1
Project("{9A19103F-16F7-4668-BE54-9A1E7A4F7556}") = "Workaround", "Workaround\Workaround.csproj", "{822CBA93-388C-4396-AA07-3DB69B277D8C}"
EndProject
Project("{FAE04EC0-301F-11D3-BF4B-00C04F79EFBC}") = "Entities", "Entities\Entities.csproj", "{75ED07B2-15BD-457B-851F-6111DEEED5D6}"
EndProject
Project("{FAE04EC0-301F-11D3-BF4B-00C04F79EFBC}") = "BusinessRule", "BusinessRule\BusinessRule.csproj", "{12448664-8345-4C24-B10B-D0D5E0CC5491}"
EndProject
Global
	GlobalSection(SolutionConfigurationPlatforms) = preSolution
		Debug|Any CPU = Debug|Any CPU
		Release|Any CPU = Release|Any CPU
	EndGlobalSection
	GlobalSection(ProjectConfigurationPlatforms) = postSolution
		{822CBA93-388C-4396-AA07-3DB69B277D8C}.Debug|Any CPU.ActiveCfg = Debug|Any CPU
		{822CBA93-388C-4396-AA07-3DB69B277D8C}.Debug|Any CPU.Build.0 = Debug|Any CPU
		{822CBA93-388C-4396-AA07-3DB69B277D8C}.Release|Any CPU.ActiveCfg = Release|Any CPU
		{822CBA93-388C-4396-AA07-3DB69B277D8C}.Release|Any CPU.Build.0 = Release|Any CPU
		{75ED07B2-15BD-457B-851F-6111DEEED5D6}.Debug|Any CPU.ActiveCfg = Debug|Any CPU
		{75ED07B2-15BD-457B-851F-6111DEEED5D6}.Debug|Any CPU.Build.0 = Debug|Any CPU
		{75ED07B2-15BD-457B-851F-6111DEEED5D6}.Release|Any CPU.ActiveCfg = Release|Any CPU
		{75ED07B2-15BD-457B-851F-6111DEEED5D6}.Release|Any CPU.Build.0 = Release|Any CPU
		{12448664-8345-4C24-B10B-D0D5E0CC5491}.Debug|Any CPU.ActiveCfg = Debug|Any CPU
		{12448664-8345-4C24-B10B-D0D5E0CC5491}.Debug|Any CPU.Build.0 = Debug|Any CPU
		{12448664-8345-4C24-B10B-D0D5E0CC5491}.Release|Any CPU.ActiveCfg = Release|Any CPU
		{12448664-8345-4C24-B10B-D0D5E0CC5491}.Release|Any CPU.Build.0 = Release|Any CPU
	EndGlobalSection
	GlobalSection(SolutionProperties) = preSolution
		HideSolutionNode = FALSE
	EndGlobalSection
	GlobalSection(ExtensibilityGlobals) = postSolution
		SolutionGuid = {25EE1B55-990D-4606-A1FC-90E9772DBE03}
	EndGlobalSection
EndGlobal
